{
    "_meta": {
        "hash": {
            "sha256": "97d4e86cdf7f2aac5eacb715cc9c09cefb53e06c2c5dffb0ec444a31f5242760"
        },
        "pipfile-spec": 6,
        "requires": {
            "python_version": "3.7"
        },
        "sources": [
            {
                "name": "pypi",
                "url": "https://pypi.org/simple",
                "verify_ssl": true
            }
        ]
    },
    "default": {
        "jieba": {
            "hashes": [
                "sha256:055ca12f62674fafed09427f176506079bc135638a14e23e25be909131928db2"
            ],
            "index": "pypi",
            "version": "==0.42.1"
        }
    },
    "develop": {}
}
